Microsoft Visual Studio Solution File, Format Version 12.00
# Visual Studio Version 17
VisualStudioVersion = 17.5.2.0
MinimumVisualStudioVersion = 10.0.40219.1
Project("{2150E333-8FDC-42A3-9474-1A3956D46DE8}") = "Creational", "Creational", "{56A9F078-40C9-3DDD-7DA3-B5A4BF238A7F}"
EndProject
Project("{FAE04EC0-301F-11D3-BF4B-00C04F79EFBC}") = "Singleton", "Creational\Singleton\Singleton.csproj", "{A6D2B5FE-22BF-A9A5-3E1B-8845B934CECC}"
EndProject
Global
	GlobalSection(SolutionConfigurationPlatforms) = preSolution
		Debug|Any CPU = Debug|Any CPU
		Release|Any CPU = Release|Any CPU
	EndGlobalSection
	GlobalSection(ProjectConfigurationPlatforms) = postSolution
		{A6D2B5FE-22BF-A9A5-3E1B-8845B934CECC}.Debug|Any CPU.ActiveCfg = Debug|Any CPU
		{A6D2B5FE-22BF-A9A5-3E1B-8845B934CECC}.Debug|Any CPU.Build.0 = Debug|Any CPU
		{A6D2B5FE-22BF-A9A5-3E1B-8845B934CECC}.Release|Any CPU.ActiveCfg = Release|Any CPU
		{A6D2B5FE-22BF-A9A5-3E1B-8845B934CECC}.Release|Any CPU.Build.0 = Release|Any CPU
	EndGlobalSection
	GlobalSection(SolutionProperties) = preSolution
		HideSolutionNode = FALSE
	EndGlobalSection
	GlobalSection(NestedProjects) = preSolution
		{A6D2B5FE-22BF-A9A5-3E1B-8845B934CECC} = {56A9F078-40C9-3DDD-7DA3-B5A4BF238A7F}
	EndGlobalSection
	GlobalSection(ExtensibilityGlobals) = postSolution
		SolutionGuid = {51A65A76-ADC2-4EC2-BACC-B133F61300C5}
	EndGlobalSection
EndGlobal
